
Microsoft Visual Studio Solution File, Format Version 12.00
# Visual Studio Version 17
VisualStudioVersion = 17.10.35122.118
MinimumVisualStudioVersion = 10.0.40219.1
Project("{9A19103F-16F7-4668-BE54-9A1E7A4F7556}") = "NSL.Management.CentralService", "NSL.Management.CentralService\NSL.Management.CentralService\NSL.Management.CentralService.csproj", "{481521AA-0569-4CF2-AE89-535A7C5BD3C2}"
EndProject
Project("{9A19103F-16F7-4668-BE54-9A1E7A4F7556}") = "NSL.Management.CentralService.Client", "NSL.Management.CentralService\NSL.Management.CentralService.Client\NSL.Management.CentralService.Client.csproj", "{92CBC997-85F2-418D-B6D1-EFB35A6A86D6}"
EndProject
Project("{9A19103F-16F7-4668-BE54-9A1E7A4F7556}") = "NSL.Management.CentralService.Shared", "NSL.Management.CentralService.Shared\NSL.Management.CentralService.Shared.csproj", "{01D247EA-154F-4829-AF82-1C032CD474F8}"
EndProject
Project("{9A19103F-16F7-4668-BE54-9A1E7A4F7556}") = "NSL.Management.CentralService.Shared.Server", "NSL.Management.CentralService.Shared\NSL.Management.CentralService.Shared.Server.csproj", "{F2D3830C-74D6-475B-870D-27F916380BDD}"
EndProject
Project("{9A19103F-16F7-4668-BE54-9A1E7A4F7556}") = "NSL.Management.CentralService.ExternalClient", "NSL.Management.CentralService.ExternalClient\NSL.Management.CentralService.ExternalClient.csproj", "{E7A57C31-005F-4B24-A651-370124D6740C}"
EndProject
Project("{FAE04EC0-301F-11D3-BF4B-00C04F79EFBC}") = "NSL.Management.CentralService.ExternalClient.ASPNET", "NSL.Management.CentralService.ExternalClient.ASPNET\NSL.Management.CentralService.ExternalClient.ASPNET.csproj", "{3A103994-8081-459D-85DA-30FF2BD5D962}"
EndProject
Project("{FAE04EC0-301F-11D3-BF4B-00C04F79EFBC}") = "NSL.Management.CentralService.Test", "NSL.Management.CentralService.Test\NSL.Management.CentralService.Test.csproj", "{D8937DB0-5FD5-4B2A-969F-6D0CC516FC22}"
EndProject
Global
	GlobalSection(SolutionConfigurationPlatforms) = preSolution
		Debug|Any CPU = Debug|Any CPU
		DebugExamples|Any CPU = DebugExamples|Any CPU
		Release|Any CPU = Release|Any CPU
		Unity|Any CPU = Unity|Any CPU
		UnityDebug|Any CPU = UnityDebug|Any CPU
	EndGlobalSection
	GlobalSection(ProjectConfigurationPlatforms) = postSolution
		{481521AA-0569-4CF2-AE89-535A7C5BD3C2}.Debug|Any CPU.ActiveCfg = Debug|Any CPU
		{481521AA-0569-4CF2-AE89-535A7C5BD3C2}.Debug|Any CPU.Build.0 = Debug|Any CPU
		{481521AA-0569-4CF2-AE89-535A7C5BD3C2}.DebugExamples|Any CPU.ActiveCfg = Debug|Any CPU
		{481521AA-0569-4CF2-AE89-535A7C5BD3C2}.DebugExamples|Any CPU.Build.0 = Debug|Any CPU
		{481521AA-0569-4CF2-AE89-535A7C5BD3C2}.Release|Any CPU.ActiveCfg = Release|Any CPU
		{481521AA-0569-4CF2-AE89-535A7C5BD3C2}.Release|Any CPU.Build.0 = Release|Any CPU
		{481521AA-0569-4CF2-AE89-535A7C5BD3C2}.Unity|Any CPU.ActiveCfg = Release|Any CPU
		{481521AA-0569-4CF2-AE89-535A7C5BD3C2}.Unity|Any CPU.Build.0 = Release|Any CPU
		{481521AA-0569-4CF2-AE89-535A7C5BD3C2}.UnityDebug|Any CPU.ActiveCfg = Debug|Any CPU
		{481521AA-0569-4CF2-AE89-535A7C5BD3C2}.UnityDebug|Any CPU.Build.0 = Debug|Any CPU
		{92CBC997-85F2-418D-B6D1-EFB35A6A86D6}.Debug|Any CPU.ActiveCfg = Debug|Any CPU
		{92CBC997-85F2-418D-B6D1-EFB35A6A86D6}.Debug|Any CPU.Build.0 = Debug|Any CPU
		{92CBC997-85F2-418D-B6D1-EFB35A6A86D6}.DebugExamples|Any CPU.ActiveCfg = Debug|Any CPU
		{92CBC997-85F2-418D-B6D1-EFB35A6A86D6}.DebugExamples|Any CPU.Build.0 = Debug|Any CPU
		{92CBC997-85F2-418D-B6D1-EFB35A6A86D6}.Release|Any CPU.ActiveCfg = Release|Any CPU
		{92CBC997-85F2-418D-B6D1-EFB35A6A86D6}.Release|Any CPU.Build.0 = Release|Any CPU
		{92CBC997-85F2-418D-B6D1-EFB35A6A86D6}.Unity|Any CPU.ActiveCfg = Release|Any CPU
		{92CBC997-85F2-418D-B6D1-EFB35A6A86D6}.Unity|Any CPU.Build.0 = Release|Any CPU
		{92CBC997-85F2-418D-B6D1-EFB35A6A86D6}.UnityDebug|Any CPU.ActiveCfg = Debug|Any CPU
		{92CBC997-85F2-418D-B6D1-EFB35A6A86D6}.UnityDebug|Any CPU.Build.0 = Debug|Any CPU
		{01D247EA-154F-4829-AF82-1C032CD474F8}.Debug|Any CPU.ActiveCfg = Debug|Any CPU
		{01D247EA-154F-4829-AF82-1C032CD474F8}.Debug|Any CPU.Build.0 = Debug|Any CPU
		{01D247EA-154F-4829-AF82-1C032CD474F8}.DebugExamples|Any CPU.ActiveCfg = Debug|Any CPU
		{01D247EA-154F-4829-AF82-1C032CD474F8}.DebugExamples|Any CPU.Build.0 = Debug|Any CPU
		{01D247EA-154F-4829-AF82-1C032CD474F8}.Release|Any CPU.ActiveCfg = Release|Any CPU
		{01D247EA-154F-4829-AF82-1C032CD474F8}.Release|Any CPU.Build.0 = Release|Any CPU
		{01D247EA-154F-4829-AF82-1C032CD474F8}.Unity|Any CPU.ActiveCfg = Release|Any CPU
		{01D247EA-154F-4829-AF82-1C032CD474F8}.Unity|Any CPU.Build.0 = Release|Any CPU
		{01D247EA-154F-4829-AF82-1C032CD474F8}.UnityDebug|Any CPU.ActiveCfg = Debug|Any CPU
		{01D247EA-154F-4829-AF82-1C032CD474F8}.UnityDebug|Any CPU.Build.0 = Debug|Any CPU
		{F2D3830C-74D6-475B-870D-27F916380BDD}.Debug|Any CPU.ActiveCfg = Debug|Any CPU
		{F2D3830C-74D6-475B-870D-27F916380BDD}.Debug|Any CPU.Build.0 = Debug|Any CPU
		{F2D3830C-74D6-475B-870D-27F916380BDD}.DebugExamples|Any CPU.ActiveCfg = Debug|Any CPU
		{F2D3830C-74D6-475B-870D-27F916380BDD}.DebugExamples|Any CPU.Build.0 = Debug|Any CPU
		{F2D3830C-74D6-475B-870D-27F916380BDD}.Release|Any CPU.ActiveCfg = Release|Any CPU
		{F2D3830C-74D6-475B-870D-27F916380BDD}.Release|Any CPU.Build.0 = Release|Any CPU
		{F2D3830C-74D6-475B-870D-27F916380BDD}.Unity|Any CPU.ActiveCfg = Release|Any CPU
		{F2D3830C-74D6-475B-870D-27F916380BDD}.Unity|Any CPU.Build.0 = Release|Any CPU
		{F2D3830C-74D6-475B-870D-27F916380BDD}.UnityDebug|Any CPU.ActiveCfg = Debug|Any CPU
		{F2D3830C-74D6-475B-870D-27F916380BDD}.UnityDebug|Any CPU.Build.0 = Debug|Any CPU
		{E7A57C31-005F-4B24-A651-370124D6740C}.Debug|Any CPU.ActiveCfg = Debug|Any CPU
		{E7A57C31-005F-4B24-A651-370124D6740C}.Debug|Any CPU.Build.0 = Debug|Any CPU
		{E7A57C31-005F-4B24-A651-370124D6740C}.DebugExamples|Any CPU.ActiveCfg = Debug|Any CPU
		{E7A57C31-005F-4B24-A651-370124D6740C}.DebugExamples|Any CPU.Build.0 = Debug|Any CPU
		{E7A57C31-005F-4B24-A651-370124D6740C}.Release|Any CPU.ActiveCfg = Release|Any CPU
		{E7A57C31-005F-4B24-A651-370124D6740C}.Release|Any CPU.Build.0 = Release|Any CPU
		{E7A57C31-005F-4B24-A651-370124D6740C}.Unity|Any CPU.ActiveCfg = Release|Any CPU
		{E7A57C31-005F-4B24-A651-370124D6740C}.Unity|Any CPU.Build.0 = Release|Any CPU
		{E7A57C31-005F-4B24-A651-370124D6740C}.UnityDebug|Any CPU.ActiveCfg = Debug|Any CPU
		{E7A57C31-005F-4B24-A651-370124D6740C}.UnityDebug|Any CPU.Build.0 = Debug|Any CPU
		{3A103994-8081-459D-85DA-30FF2BD5D962}.Debug|Any CPU.ActiveCfg = Debug|Any CPU
		{3A103994-8081-459D-85DA-30FF2BD5D962}.Debug|Any CPU.Build.0 = Debug|Any CPU
		{3A103994-8081-459D-85DA-30FF2BD5D962}.DebugExamples|Any CPU.ActiveCfg = Debug|Any CPU
		{3A103994-8081-459D-85DA-30FF2BD5D962}.DebugExamples|Any CPU.Build.0 = Debug|Any CPU
		{3A103994-8081-459D-85DA-30FF2BD5D962}.Release|Any CPU.ActiveCfg = Release|Any CPU
		{3A103994-8081-459D-85DA-30FF2BD5D962}.Release|Any CPU.Build.0 = Release|Any CPU
		{3A103994-8081-459D-85DA-30FF2BD5D962}.Unity|Any CPU.ActiveCfg = Debug|Any CPU
		{3A103994-8081-459D-85DA-30FF2BD5D962}.Unity|Any CPU.Build.0 = Debug|Any CPU
		{3A103994-8081-459D-85DA-30FF2BD5D962}.UnityDebug|Any CPU.ActiveCfg = Debug|Any CPU
		{3A103994-8081-459D-85DA-30FF2BD5D962}.UnityDebug|Any CPU.Build.0 = Debug|Any CPU
		{D8937DB0-5FD5-4B2A-969F-6D0CC516FC22}.Debug|Any CPU.ActiveCfg = Debug|Any CPU
		{D8937DB0-5FD5-4B2A-969F-6D0CC516FC22}.Debug|Any CPU.Build.0 = Debug|Any CPU
		{D8937DB0-5FD5-4B2A-969F-6D0CC516FC22}.DebugExamples|Any CPU.ActiveCfg = Debug|Any CPU
		{D8937DB0-5FD5-4B2A-969F-6D0CC516FC22}.DebugExamples|Any CPU.Build.0 = Debug|Any CPU
		{D8937DB0-5FD5-4B2A-969F-6D0CC516FC22}.Release|Any CPU.ActiveCfg = Release|Any CPU
		{D8937DB0-5FD5-4B2A-969F-6D0CC516FC22}.Release|Any CPU.Build.0 = Release|Any CPU
		{D8937DB0-5FD5-4B2A-969F-6D0CC516FC22}.Unity|Any CPU.ActiveCfg = Debug|Any CPU
		{D8937DB0-5FD5-4B2A-969F-6D0CC516FC22}.Unity|Any CPU.Build.0 = Debug|Any CPU
		{D8937DB0-5FD5-4B2A-969F-6D0CC516FC22}.UnityDebug|Any CPU.ActiveCfg = Debug|Any CPU
		{D8937DB0-5FD5-4B2A-969F-6D0CC516FC22}.UnityDebug|Any CPU.Build.0 = Debug|Any CPU
	EndGlobalSection
	GlobalSection(SolutionProperties) = preSolution
		HideSolutionNode = FALSE
	EndGlobalSection
	GlobalSection(ExtensibilityGlobals) = postSolution
		SolutionGuid = {604995A8-FE14-4B53-B332-24A258866675}
	EndGlobalSection
EndGlobal
